
Microsoft Visual Studio Solution File, Format Version 12.00
# Visual Studio 2012
Project("{FAE04EC0-301F-11D3-BF4B-00C04F79EFBC}") = "GalleyFramework.Sample", "GalleyFramework.Sample\GalleyFramework.Sample.csproj", "{FDCD402E-CFEC-4A35-B10F-77BF9AEE3117}"
EndProject
Project("{FAE04EC0-301F-11D3-BF4B-00C04F79EFBC}") = "GalleyFramework.Sample.iOS", "iOS\GalleyFramework.Sample.iOS.csproj", "{60441993-86D6-4FF6-B165-B97A61076C67}"
EndProject
Project("{FAE04EC0-301F-11D3-BF4B-00C04F79EFBC}") = "GalleyFramework.Sample.Droid", "Droid\GalleyFramework.Sample.Droid.csproj", "{BC95C820-F7CD-499C-91AA-5BF93F434CDF}"
EndProject
Project("{FAE04EC0-301F-11D3-BF4B-00C04F79EFBC}") = "GalleyFramework", "..\GalleyFramework\GalleyFramework.csproj", "{C7BE4F0D-A0B6-4FCA-B42D-AB95944BB561}"
EndProject
Project("{FAE04EC0-301F-11D3-BF4B-00C04F79EFBC}") = "GalleyFramework.iOS", "..\GalleyFramework.iOS\GalleyFramework.iOS.csproj", "{E1045516-77AD-42CB-9AFC-A13E14A41D66}"
EndProject
Project("{FAE04EC0-301F-11D3-BF4B-00C04F79EFBC}") = "GalleyFramework.Droid", "..\GalleyFramework.Droid\GalleyFramework.Droid.csproj", "{C3961CA8-705E-40EB-8E83-F6F5FF684E3E}"
EndProject
Global
	GlobalSection(SolutionConfigurationPlatforms) = preSolution
		Debug|Any CPU = Debug|Any CPU
		Release|Any CPU = Release|Any CPU
		Debug|iPhoneSimulator = Debug|iPhoneSimulator
		Release|iPhone = Release|iPhone
		Release|iPhoneSimulator = Release|iPhoneSimulator
		Debug|iPhone = Debug|iPhone
	EndGlobalSection
	GlobalSection(ProjectConfigurationPlatforms) = postSolution
		{FDCD402E-CFEC-4A35-B10F-77BF9AEE3117}.Debug|Any CPU.ActiveCfg = Debug|Any CPU
		{FDCD402E-CFEC-4A35-B10F-77BF9AEE3117}.Debug|Any CPU.Build.0 = Debug|Any CPU
		{FDCD402E-CFEC-4A35-B10F-77BF9AEE3117}.Release|Any CPU.ActiveCfg = Release|Any CPU
		{FDCD402E-CFEC-4A35-B10F-77BF9AEE3117}.Release|Any CPU.Build.0 = Release|Any CPU
		{FDCD402E-CFEC-4A35-B10F-77BF9AEE3117}.Debug|iPhoneSimulator.ActiveCfg = Debug|Any CPU
		{FDCD402E-CFEC-4A35-B10F-77BF9AEE3117}.Debug|iPhoneSimulator.Build.0 = Debug|Any CPU
		{FDCD402E-CFEC-4A35-B10F-77BF9AEE3117}.Release|iPhone.ActiveCfg = Release|Any CPU
		{FDCD402E-CFEC-4A35-B10F-77BF9AEE3117}.Release|iPhone.Build.0 = Release|Any CPU
		{FDCD402E-CFEC-4A35-B10F-77BF9AEE3117}.Release|iPhoneSimulator.ActiveCfg = Release|Any CPU
		{FDCD402E-CFEC-4A35-B10F-77BF9AEE3117}.Release|iPhoneSimulator.Build.0 = Release|Any CPU
		{FDCD402E-CFEC-4A35-B10F-77BF9AEE3117}.Debug|iPhone.ActiveCfg = Debug|Any CPU
		{FDCD402E-CFEC-4A35-B10F-77BF9AEE3117}.Debug|iPhone.Build.0 = Debug|Any CPU
		{60441993-86D6-4FF6-B165-B97A61076C67}.Debug|Any CPU.ActiveCfg = Debug|iPhoneSimulator
		{60441993-86D6-4FF6-B165-B97A61076C67}.Debug|Any CPU.Build.0 = Debug|iPhoneSimulator
		{60441993-86D6-4FF6-B165-B97A61076C67}.Release|Any CPU.ActiveCfg = Release|iPhone
		{60441993-86D6-4FF6-B165-B97A61076C67}.Release|Any CPU.Build.0 = Release|iPhone
		{60441993-86D6-4FF6-B165-B97A61076C67}.Debug|iPhoneSimulator.ActiveCfg = Debug|iPhoneSimulator
		{60441993-86D6-4FF6-B165-B97A61076C67}.Debug|iPhoneSimulator.Build.0 = Debug|iPhoneSimulator
		{60441993-86D6-4FF6-B165-B97A61076C67}.Release|iPhone.ActiveCfg = Release|iPhone
		{60441993-86D6-4FF6-B165-B97A61076C67}.Release|iPhone.Build.0 = Release|iPhone
		{60441993-86D6-4FF6-B165-B97A61076C67}.Release|iPhoneSimulator.ActiveCfg = Release|iPhoneSimulator
		{60441993-86D6-4FF6-B165-B97A61076C67}.Release|iPhoneSimulator.Build.0 = Release|iPhoneSimulator
		{60441993-86D6-4FF6-B165-B97A61076C67}.Debug|iPhone.ActiveCfg = Debug|iPhone
		{60441993-86D6-4FF6-B165-B97A61076C67}.Debug|iPhone.Build.0 = Debug|iPhone
		{BC95C820-F7CD-499C-91AA-5BF93F434CDF}.Debug|Any CPU.ActiveCfg = Debug|Any CPU
		{BC95C820-F7CD-499C-91AA-5BF93F434CDF}.Debug|Any CPU.Build.0 = Debug|Any CPU
		{BC95C820-F7CD-499C-91AA-5BF93F434CDF}.Release|Any CPU.ActiveCfg = Release|Any CPU
		{BC95C820-F7CD-499C-91AA-5BF93F434CDF}.Release|Any CPU.Build.0 = Release|Any CPU
		{BC95C820-F7CD-499C-91AA-5BF93F434CDF}.Debug|iPhoneSimulator.ActiveCfg = Debug|Any CPU
		{BC95C820-F7CD-499C-91AA-5BF93F434CDF}.Debug|iPhoneSimulator.Build.0 = Debug|Any CPU
		{BC95C820-F7CD-499C-91AA-5BF93F434CDF}.Release|iPhone.ActiveCfg = Release|Any CPU
		{BC95C820-F7CD-499C-91AA-5BF93F434CDF}.Release|iPhone.Build.0 = Release|Any CPU
		{BC95C820-F7CD-499C-91AA-5BF93F434CDF}.Release|iPhoneSimulator.ActiveCfg = Release|Any CPU
		{BC95C820-F7CD-499C-91AA-5BF93F434CDF}.Release|iPhoneSimulator.Build.0 = Release|Any CPU
		{BC95C820-F7CD-499C-91AA-5BF93F434CDF}.Debug|iPhone.ActiveCfg = Debug|Any CPU
		{BC95C820-F7CD-499C-91AA-5BF93F434CDF}.Debug|iPhone.Build.0 = Debug|Any CPU
		{C7BE4F0D-A0B6-4FCA-B42D-AB95944BB561}.Debug|Any CPU.ActiveCfg = Debug|Any CPU
		{C7BE4F0D-A0B6-4FCA-B42D-AB95944BB561}.Debug|Any CPU.Build.0 = Debug|Any CPU
		{C7BE4F0D-A0B6-4FCA-B42D-AB95944BB561}.Release|Any CPU.ActiveCfg = Release|Any CPU
		{C7BE4F0D-A0B6-4FCA-B42D-AB95944BB561}.Release|Any CPU.Build.0 = Release|Any CPU
		{C7BE4F0D-A0B6-4FCA-B42D-AB95944BB561}.Debug|iPhoneSimulator.ActiveCfg = Debug|Any CPU
		{C7BE4F0D-A0B6-4FCA-B42D-AB95944BB561}.Debug|iPhoneSimulator.Build.0 = Debug|Any CPU
		{C7BE4F0D-A0B6-4FCA-B42D-AB95944BB561}.Release|iPhone.ActiveCfg = Release|Any CPU
		{C7BE4F0D-A0B6-4FCA-B42D-AB95944BB561}.Release|iPhone.Build.0 = Release|Any CPU
		{C7BE4F0D-A0B6-4FCA-B42D-AB95944BB561}.Release|iPhoneSimulator.ActiveCfg = Release|Any CPU
		{C7BE4F0D-A0B6-4FCA-B42D-AB95944BB561}.Release|iPhoneSimulator.Build.0 = Release|Any CPU
		{C7BE4F0D-A0B6-4FCA-B42D-AB95944BB561}.Debug|iPhone.ActiveCfg = Debug|Any CPU
		{C7BE4F0D-A0B6-4FCA-B42D-AB95944BB561}.Debug|iPhone.Build.0 = Debug|Any CPU
		{E1045516-77AD-42CB-9AFC-A13E14A41D66}.Debug|Any CPU.ActiveCfg = Debug|Any CPU
		{E1045516-77AD-42CB-9AFC-A13E14A41D66}.Debug|Any CPU.Build.0 = Debug|Any CPU
		{E1045516-77AD-42CB-9AFC-A13E14A41D66}.Release|Any CPU.ActiveCfg = Release|Any CPU
		{E1045516-77AD-42CB-9AFC-A13E14A41D66}.Release|Any CPU.Build.0 = Release|Any CPU
		{E1045516-77AD-42CB-9AFC-A13E14A41D66}.Debug|iPhoneSimulator.ActiveCfg = Debug|Any CPU
		{E1045516-77AD-42CB-9AFC-A13E14A41D66}.Debug|iPhoneSimulator.Build.0 = Debug|Any CPU
		{E1045516-77AD-42CB-9AFC-A13E14A41D66}.Release|iPhone.ActiveCfg = Release|Any CPU
		{E1045516-77AD-42CB-9AFC-A13E14A41D66}.Release|iPhone.Build.0 = Release|Any CPU
		{E1045516-77AD-42CB-9AFC-A13E14A41D66}.Release|iPhoneSimulator.ActiveCfg = Release|Any CPU
		{E1045516-77AD-42CB-9AFC-A13E14A41D66}.Release|iPhoneSimulator.Build.0 = Release|Any CPU
		{E1045516-77AD-42CB-9AFC-A13E14A41D66}.Debug|iPhone.ActiveCfg = Debug|Any CPU
		{E1045516-77AD-42CB-9AFC-A13E14A41D66}.Debug|iPhone.Build.0 = Debug|Any CPU
		{C3961CA8-705E-40EB-8E83-F6F5FF684E3E}.Debug|Any CPU.ActiveCfg = Debug|Any CPU
		{C3961CA8-705E-40EB-8E83-F6F5FF684E3E}.Debug|Any CPU.Build.0 = Debug|Any CPU
		{C3961CA8-705E-40EB-8E83-F6F5FF684E3E}.Release|Any CPU.ActiveCfg = Release|Any CPU
		{C3961CA8-705E-40EB-8E83-F6F5FF684E3E}.Release|Any CPU.Build.0 = Release|Any CPU
		{C3961CA8-705E-40EB-8E83-F6F5FF684E3E}.Debug|iPhoneSimulator.ActiveCfg = Debug|Any CPU
		{C3961CA8-705E-40EB-8E83-F6F5FF684E3E}.Debug|iPhoneSimulator.Build.0 = Debug|Any CPU
		{C3961CA8-705E-40EB-8E83-F6F5FF684E3E}.Release|iPhone.ActiveCfg = Release|Any CPU
		{C3961CA8-705E-40EB-8E83-F6F5FF684E3E}.Release|iPhone.Build.0 = Release|Any CPU
		{C3961CA8-705E-40EB-8E83-F6F5FF684E3E}.Release|iPhoneSimulator.ActiveCfg = Release|Any CPU
		{C3961CA8-705E-40EB-8E83-F6F5FF684E3E}.Release|iPhoneSimulator.Build.0 = Release|Any CPU
		{C3961CA8-705E-40EB-8E83-F6F5FF684E3E}.Debug|iPhone.ActiveCfg = Debug|Any CPU
		{C3961CA8-705E-40EB-8E83-F6F5FF684E3E}.Debug|iPhone.Build.0 = Debug|Any CPU
	EndGlobalSection
EndGlobal
